
Microsoft Visual Studio Solution File, Format Version 12.00
# Visual Studio 14
VisualStudioVersion = 14.0.25123.0
MinimumVisualStudioVersion = 10.0.40219.1
Project("{FAE04EC0-301F-11D3-BF4B-00C04F79EFBC}") = "HelloXamarin.Droid", "HelloXamarin\HelloXamarin.Droid\HelloXamarin.Droid.csproj", "{6050D5D6-5C34-4ACF-8EE5-E096DBBBDE95}"
EndProject
Project("{FAE04EC0-301F-11D3-BF4B-00C04F79EFBC}") = "HelloXamarin.iOS", "HelloXamarin\HelloXamarin.iOS\HelloXamarin.iOS.csproj", "{2E7BBDB4-69D5-4AB9-99F3-8AC506849282}"
EndProject
Project("{FAE04EC0-301F-11D3-BF4B-00C04F79EFBC}") = "HelloXamarin.WinPhone", "HelloXamarin\HelloXamarin.WinPhone\HelloXamarin.WinPhone.csproj", "{7B3E3885-E9D6-410A-9365-4FF4D4D55BAF}"
EndProject
Project("{FAE04EC0-301F-11D3-BF4B-00C04F79EFBC}") = "HelloXamarin", "HelloXamarin\HelloXamarin\HelloXamarin.csproj", "{31443DB4-6C8F-41D7-935C-7B7A430F674B}"
EndProject
Global
	GlobalSection(SolutionConfigurationPlatforms) = preSolution
		Ad-Hoc|Any CPU = Ad-Hoc|Any CPU
		Ad-Hoc|ARM = Ad-Hoc|ARM
		Ad-Hoc|iPhone = Ad-Hoc|iPhone
		Ad-Hoc|iPhoneSimulator = Ad-Hoc|iPhoneSimulator
		Ad-Hoc|x64 = Ad-Hoc|x64
		Ad-Hoc|x86 = Ad-Hoc|x86
		AppStore|Any CPU = AppStore|Any CPU
		AppStore|ARM = AppStore|ARM
		AppStore|iPhone = AppStore|iPhone
		AppStore|iPhoneSimulator = AppStore|iPhoneSimulator
		AppStore|x64 = AppStore|x64
		AppStore|x86 = AppStore|x86
		Debug|Any CPU = Debug|Any CPU
		Debug|ARM = Debug|ARM
		Debug|iPhone = Debug|iPhone
		Debug|iPhoneSimulator = Debug|iPhoneSimulator
		Debug|x64 = Debug|x64
		Debug|x86 = Debug|x86
		Release|Any CPU = Release|Any CPU
		Release|ARM = Release|ARM
		Release|iPhone = Release|iPhone
		Release|iPhoneSimulator = Release|iPhoneSimulator
		Release|x64 = Release|x64
		Release|x86 = Release|x86
	EndGlobalSection
	GlobalSection(ProjectConfigurationPlatforms) = postSolution
		{6050D5D6-5C34-4ACF-8EE5-E096DBBBDE95}.Ad-Hoc|Any CPU.ActiveCfg = Release|Any CPU
		{6050D5D6-5C34-4ACF-8EE5-E096DBBBDE95}.Ad-Hoc|Any CPU.Build.0 = Release|Any CPU
		{6050D5D6-5C34-4ACF-8EE5-E096DBBBDE95}.Ad-Hoc|Any CPU.Deploy.0 = Release|Any CPU
		{6050D5D6-5C34-4ACF-8EE5-E096DBBBDE95}.Ad-Hoc|ARM.ActiveCfg = Release|Any CPU
		{6050D5D6-5C34-4ACF-8EE5-E096DBBBDE95}.Ad-Hoc|ARM.Build.0 = Release|Any CPU
		{6050D5D6-5C34-4ACF-8EE5-E096DBBBDE95}.Ad-Hoc|ARM.Deploy.0 = Release|Any CPU
		{6050D5D6-5C34-4ACF-8EE5-E096DBBBDE95}.Ad-Hoc|iPhone.ActiveCfg = Release|Any CPU
		{6050D5D6-5C34-4ACF-8EE5-E096DBBBDE95}.Ad-Hoc|iPhone.Build.0 = Release|Any CPU
		{6050D5D6-5C34-4ACF-8EE5-E096DBBBDE95}.Ad-Hoc|iPhone.Deploy.0 = Release|Any CPU
		{6050D5D6-5C34-4ACF-8EE5-E096DBBBDE95}.Ad-Hoc|iPhoneSimulator.ActiveCfg = Release|Any CPU
		{6050D5D6-5C34-4ACF-8EE5-E096DBBBDE95}.Ad-Hoc|iPhoneSimulator.Build.0 = Release|Any CPU
		{6050D5D6-5C34-4ACF-8EE5-E096DBBBDE95}.Ad-Hoc|iPhoneSimulator.Deploy.0 = Release|Any CPU
		{6050D5D6-5C34-4ACF-8EE5-E096DBBBDE95}.Ad-Hoc|x64.ActiveCfg = Release|Any CPU
		{6050D5D6-5C34-4ACF-8EE5-E096DBBBDE95}.Ad-Hoc|x64.Build.0 = Release|Any CPU
		{6050D5D6-5C34-4ACF-8EE5-E096DBBBDE95}.Ad-Hoc|x64.Deploy.0 = Release|Any CPU
		{6050D5D6-5C34-4ACF-8EE5-E096DBBBDE95}.Ad-Hoc|x86.ActiveCfg = Release|Any CPU
		{6050D5D6-5C34-4ACF-8EE5-E096DBBBDE95}.Ad-Hoc|x86.Build.0 = Release|Any CPU
		{6050D5D6-5C34-4ACF-8EE5-E096DBBBDE95}.Ad-Hoc|x86.Deploy.0 = Release|Any CPU
		{6050D5D6-5C34-4ACF-8EE5-E096DBBBDE95}.AppStore|Any CPU.ActiveCfg = Release|Any CPU
		{6050D5D6-5C34-4ACF-8EE5-E096DBBBDE95}.AppStore|Any CPU.Build.0 = Release|Any CPU
		{6050D5D6-5C34-4ACF-8EE5-E096DBBBDE95}.AppStore|Any CPU.Deploy.0 = Release|Any CPU
		{6050D5D6-5C34-4ACF-8EE5-E096DBBBDE95}.AppStore|ARM.ActiveCfg = Release|Any CPU
		{6050D5D6-5C34-4ACF-8EE5-E096DBBBDE95}.AppStore|ARM.Build.0 = Release|Any CPU
		{6050D5D6-5C34-4ACF-8EE5-E096DBBBDE95}.AppStore|ARM.Deploy.0 = Release|Any CPU
		{6050D5D6-5C34-4ACF-8EE5-E096DBBBDE95}.AppStore|iPhone.ActiveCfg = Release|Any CPU
		{6050D5D6-5C34-4ACF-8EE5-E096DBBBDE95}.AppStore|iPhone.Build.0 = Release|Any CPU
		{6050D5D6-5C34-4ACF-8EE5-E096DBBBDE95}.AppStore|iPhone.Deploy.0 = Release|Any CPU
		{6050D5D6-5C34-4ACF-8EE5-E096DBBBDE95}.AppStore|iPhoneSimulator.ActiveCfg = Release|Any CPU
		{6050D5D6-5C34-4ACF-8EE5-E096DBBBDE95}.AppStore|iPhoneSimulator.Build.0 = Release|Any CPU
		{6050D5D6-5C34-4ACF-8EE5-E096DBBBDE95}.AppStore|iPhoneSimulator.Deploy.0 = Release|Any CPU
		{6050D5D6-5C34-4ACF-8EE5-E096DBBBDE95}.AppStore|x64.ActiveCfg = Release|Any CPU
		{6050D5D6-5C34-4ACF-8EE5-E096DBBBDE95}.AppStore|x64.Build.0 = Release|Any CPU
		{6050D5D6-5C34-4ACF-8EE5-E096DBBBDE95}.AppStore|x64.Deploy.0 = Release|Any CPU
		{6050D5D6-5C34-4ACF-8EE5-E096DBBBDE95}.AppStore|x86.ActiveCfg = Release|Any CPU
		{6050D5D6-5C34-4ACF-8EE5-E096DBBBDE95}.AppStore|x86.Build.0 = Release|Any CPU
		{6050D5D6-5C34-4ACF-8EE5-E096DBBBDE95}.AppStore|x86.Deploy.0 = Release|Any CPU
		{6050D5D6-5C34-4ACF-8EE5-E096DBBBDE95}.Debug|Any CPU.ActiveCfg = Debug|Any CPU
		{6050D5D6-5C34-4ACF-8EE5-E096DBBBDE95}.Debug|Any CPU.Build.0 = Debug|Any CPU
		{6050D5D6-5C34-4ACF-8EE5-E096DBBBDE95}.Debug|Any CPU.Deploy.0 = Debug|Any CPU
		{6050D5D6-5C34-4ACF-8EE5-E096DBBBDE95}.Debug|ARM.ActiveCfg = Debug|Any CPU
		{6050D5D6-5C34-4ACF-8EE5-E096DBBBDE95}.Debug|ARM.Build.0 = Debug|Any CPU
		{6050D5D6-5C34-4ACF-8EE5-E096DBBBDE95}.Debug|ARM.Deploy.0 = Debug|Any CPU
		{6050D5D6-5C34-4ACF-8EE5-E096DBBBDE95}.Debug|iPhone.ActiveCfg = Debug|Any CPU
		{6050D5D6-5C34-4ACF-8EE5-E096DBBBDE95}.Debug|iPhone.Build.0 = Debug|Any CPU
		{6050D5D6-5C34-4ACF-8EE5-E096DBBBDE95}.Debug|iPhone.Deploy.0 = Debug|Any CPU
		{6050D5D6-5C34-4ACF-8EE5-E096DBBBDE95}.Debug|iPhoneSimulator.ActiveCfg = Debug|Any CPU
		{6050D5D6-5C34-4ACF-8EE5-E096DBBBDE95}.Debug|iPhoneSimulator.Build.0 = Debug|Any CPU
		{6050D5D6-5C34-4ACF-8EE5-E096DBBBDE95}.Debug|iPhoneSimulator.Deploy.0 = Debug|Any CPU
		{6050D5D6-5C34-4ACF-8EE5-E096DBBBDE95}.Debug|x64.ActiveCfg = Debug|Any CPU
		{6050D5D6-5C34-4ACF-8EE5-E096DBBBDE95}.Debug|x64.Build.0 = Debug|Any CPU
		{6050D5D6-5C34-4ACF-8EE5-E096DBBBDE95}.Debug|x64.Deploy.0 = Debug|Any CPU
		{6050D5D6-5C34-4ACF-8EE5-E096DBBBDE95}.Debug|x86.ActiveCfg = Debug|Any CPU
		{6050D5D6-5C34-4ACF-8EE5-E096DBBBDE95}.Debug|x86.Build.0 = Debug|Any CPU
		{6050D5D6-5C34-4ACF-8EE5-E096DBBBDE95}.Debug|x86.Deploy.0 = Debug|Any CPU
		{6050D5D6-5C34-4ACF-8EE5-E096DBBBDE95}.Release|Any CPU.ActiveCfg = Release|Any CPU
		{6050D5D6-5C34-4ACF-8EE5-E096DBBBDE95}.Release|Any CPU.Build.0 = Release|Any CPU
		{6050D5D6-5C34-4ACF-8EE5-E096DBBBDE95}.Release|Any CPU.Deploy.0 = Release|Any CPU
		{6050D5D6-5C34-4ACF-8EE5-E096DBBBDE95}.Release|ARM.ActiveCfg = Release|Any CPU
		{6050D5D6-5C34-4ACF-8EE5-E096DBBBDE95}.Release|ARM.Build.0 = Release|Any CPU
		{6050D5D6-5C34-4ACF-8EE5-E096DBBBDE95}.Release|ARM.Deploy.0 = Release|Any CPU
		{6050D5D6-5C34-4ACF-8EE5-E096DBBBDE95}.Release|iPhone.ActiveCfg = Release|Any CPU
		{6050D5D6-5C34-4ACF-8EE5-E096DBBBDE95}.Release|iPhone.Build.0 = Release|Any CPU
		{6050D5D6-5C34-4ACF-8EE5-E096DBBBDE95}.Release|iPhone.Deploy.0 = Release|Any CPU
		{6050D5D6-5C34-4ACF-8EE5-E096DBBBDE95}.Release|iPhoneSimulator.ActiveCfg = Release|Any CPU
		{6050D5D6-5C34-4ACF-8EE5-E096DBBBDE95}.Release|iPhoneSimulator.Build.0 = Release|Any CPU
		{6050D5D6-5C34-4ACF-8EE5-E096DBBBDE95}.Release|iPhoneSimulator.Deploy.0 = Release|Any CPU
		{6050D5D6-5C34-4ACF-8EE5-E096DBBBDE95}.Release|x64.ActiveCfg = Release|Any CPU
		{6050D5D6-5C34-4ACF-8EE5-E096DBBBDE95}.Release|x64.Build.0 = Release|Any CPU
		{6050D5D6-5C34-4ACF-8EE5-E096DBBBDE95}.Release|x64.Deploy.0 = Release|Any CPU
		{6050D5D6-5C34-4ACF-8EE5-E096DBBBDE95}.Release|x86.ActiveCfg = Release|Any CPU
		{6050D5D6-5C34-4ACF-8EE5-E096DBBBDE95}.Release|x86.Build.0 = Release|Any CPU
		{6050D5D6-5C34-4ACF-8EE5-E096DBBBDE95}.Release|x86.Deploy.0 = Release|Any CPU
		{2E7BBDB4-69D5-4AB9-99F3-8AC506849282}.Ad-Hoc|Any CPU.ActiveCfg = Ad-Hoc|iPhone
		{2E7BBDB4-69D5-4AB9-99F3-8AC506849282}.Ad-Hoc|ARM.ActiveCfg = Ad-Hoc|iPhone
		{2E7BBDB4-69D5-4AB9-99F3-8AC506849282}.Ad-Hoc|iPhone.ActiveCfg = Ad-Hoc|iPhone
		{2E7BBDB4-69D5-4AB9-99F3-8AC506849282}.Ad-Hoc|iPhone.Build.0 = Ad-Hoc|iPhone
		{2E7BBDB4-69D5-4AB9-99F3-8AC506849282}.Ad-Hoc|iPhoneSimulator.ActiveCfg = Ad-Hoc|iPhoneSimulator
		{2E7BBDB4-69D5-4AB9-99F3-8AC506849282}.Ad-Hoc|iPhoneSimulator.Build.0 = Ad-Hoc|iPhoneSimulator
		{2E7BBDB4-69D5-4AB9-99F3-8AC506849282}.Ad-Hoc|x64.ActiveCfg = Ad-Hoc|iPhone
		{2E7BBDB4-69D5-4AB9-99F3-8AC506849282}.Ad-Hoc|x86.ActiveCfg = Ad-Hoc|iPhone
		{2E7BBDB4-69D5-4AB9-99F3-8AC506849282}.AppStore|Any CPU.ActiveCfg = AppStore|iPhone
		{2E7BBDB4-69D5-4AB9-99F3-8AC506849282}.AppStore|ARM.ActiveCfg = AppStore|iPhone
		{2E7BBDB4-69D5-4AB9-99F3-8AC506849282}.AppStore|iPhone.ActiveCfg = AppStore|iPhone
		{2E7BBDB4-69D5-4AB9-99F3-8AC506849282}.AppStore|iPhone.Build.0 = AppStore|iPhone
		{2E7BBDB4-69D5-4AB9-99F3-8AC506849282}.AppStore|iPhoneSimulator.ActiveCfg = AppStore|iPhoneSimulator
		{2E7BBDB4-69D5-4AB9-99F3-8AC506849282}.AppStore|iPhoneSimulator.Build.0 = AppStore|iPhoneSimulator
		{2E7BBDB4-69D5-4AB9-99F3-8AC506849282}.AppStore|x64.ActiveCfg = AppStore|iPhone
		{2E7BBDB4-69D5-4AB9-99F3-8AC506849282}.AppStore|x86.ActiveCfg = AppStore|iPhone
		{2E7BBDB4-69D5-4AB9-99F3-8AC506849282}.Debug|Any CPU.ActiveCfg = Debug|iPhone
		{2E7BBDB4-69D5-4AB9-99F3-8AC506849282}.Debug|ARM.ActiveCfg = Debug|iPhone
		{2E7BBDB4-69D5-4AB9-99F3-8AC506849282}.Debug|iPhone.ActiveCfg = Debug|iPhone
		{2E7BBDB4-69D5-4AB9-99F3-8AC506849282}.Debug|iPhone.Build.0 = Debug|iPhone
		{2E7BBDB4-69D5-4AB9-99F3-8AC506849282}.Debug|iPhoneSimulator.ActiveCfg = Debug|iPhoneSimulator
		{2E7BBDB4-69D5-4AB9-99F3-8AC506849282}.Debug|iPhoneSimulator.Build.0 = Debug|iPhoneSimulator
		{2E7BBDB4-69D5-4AB9-99F3-8AC506849282}.Debug|x64.ActiveCfg = Debug|iPhone
		{2E7BBDB4-69D5-4AB9-99F3-8AC506849282}.Debug|x86.ActiveCfg = Debug|iPhone
		{2E7BBDB4-69D5-4AB9-99F3-8AC506849282}.Release|Any CPU.ActiveCfg = Release|iPhone
		{2E7BBDB4-69D5-4AB9-99F3-8AC506849282}.Release|ARM.ActiveCfg = Release|iPhone
		{2E7BBDB4-69D5-4AB9-99F3-8AC506849282}.Release|iPhone.ActiveCfg = Release|iPhone
		{2E7BBDB4-69D5-4AB9-99F3-8AC506849282}.Release|iPhone.Build.0 = Release|iPhone
		{2E7BBDB4-69D5-4AB9-99F3-8AC506849282}.Release|iPhoneSimulator.ActiveCfg = Release|iPhoneSimulator
		{2E7BBDB4-69D5-4AB9-99F3-8AC506849282}.Release|iPhoneSimulator.Build.0 = Release|iPhoneSimulator
		{2E7BBDB4-69D5-4AB9-99F3-8AC506849282}.Release|x64.ActiveCfg = Release|iPhone
		{2E7BBDB4-69D5-4AB9-99F3-8AC506849282}.Release|x86.ActiveCfg = Release|iPhone
		{7B3E3885-E9D6-410A-9365-4FF4D4D55BAF}.Ad-Hoc|Any CPU.ActiveCfg = Release|Any CPU
		{7B3E3885-E9D6-410A-9365-4FF4D4D55BAF}.Ad-Hoc|Any CPU.Build.0 = Release|Any CPU
		{7B3E3885-E9D6-410A-9365-4FF4D4D55BAF}.Ad-Hoc|Any CPU.Deploy.0 = Release|Any CPU
		{7B3E3885-E9D6-410A-9365-4FF4D4D55BAF}.Ad-Hoc|ARM.ActiveCfg = Release|ARM
		{7B3E3885-E9D6-410A-9365-4FF4D4D55BAF}.Ad-Hoc|ARM.Build.0 = Release|ARM
		{7B3E3885-E9D6-410A-9365-4FF4D4D55BAF}.Ad-Hoc|ARM.Deploy.0 = Release|ARM
		{7B3E3885-E9D6-410A-9365-4FF4D4D55BAF}.Ad-Hoc|iPhone.ActiveCfg = Release|Any CPU
		{7B3E3885-E9D6-410A-9365-4FF4D4D55BAF}.Ad-Hoc|iPhone.Build.0 = Release|Any CPU
		{7B3E3885-E9D6-410A-9365-4FF4D4D55BAF}.Ad-Hoc|iPhone.Deploy.0 = Release|Any CPU
		{7B3E3885-E9D6-410A-9365-4FF4D4D55BAF}.Ad-Hoc|iPhoneSimulator.ActiveCfg = Release|Any CPU
		{7B3E3885-E9D6-410A-9365-4FF4D4D55BAF}.Ad-Hoc|iPhoneSimulator.Build.0 = Release|Any CPU
		{7B3E3885-E9D6-410A-9365-4FF4D4D55BAF}.Ad-Hoc|iPhoneSimulator.Deploy.0 = Release|Any CPU
		{7B3E3885-E9D6-410A-9365-4FF4D4D55BAF}.Ad-Hoc|x64.ActiveCfg = Release|Any CPU
		{7B3E3885-E9D6-410A-9365-4FF4D4D55BAF}.Ad-Hoc|x64.Build.0 = Release|Any CPU
		{7B3E3885-E9D6-410A-9365-4FF4D4D55BAF}.Ad-Hoc|x64.Deploy.0 = Release|Any CPU
		{7B3E3885-E9D6-410A-9365-4FF4D4D55BAF}.Ad-Hoc|x86.ActiveCfg = Release|x86
		{7B3E3885-E9D6-410A-9365-4FF4D4D55BAF}.Ad-Hoc|x86.Build.0 = Release|x86
		{7B3E3885-E9D6-410A-9365-4FF4D4D55BAF}.Ad-Hoc|x86.Deploy.0 = Release|x86
		{7B3E3885-E9D6-410A-9365-4FF4D4D55BAF}.AppStore|Any CPU.ActiveCfg = Release|Any CPU
		{7B3E3885-E9D6-410A-9365-4FF4D4D55BAF}.AppStore|Any CPU.Build.0 = Release|Any CPU
		{7B3E3885-E9D6-410A-9365-4FF4D4D55BAF}.AppStore|Any CPU.Deploy.0 = Release|Any CPU
		{7B3E3885-E9D6-410A-9365-4FF4D4D55BAF}.AppStore|ARM.ActiveCfg = Release|ARM
		{7B3E3885-E9D6-410A-9365-4FF4D4D55BAF}.AppStore|ARM.Build.0 = Release|ARM
		{7B3E3885-E9D6-410A-9365-4FF4D4D55BAF}.AppStore|ARM.Deploy.0 = Release|ARM
		{7B3E3885-E9D6-410A-9365-4FF4D4D55BAF}.AppStore|iPhone.ActiveCfg = Release|Any CPU
		{7B3E3885-E9D6-410A-9365-4FF4D4D55BAF}.AppStore|iPhone.Build.0 = Release|Any CPU
		{7B3E3885-E9D6-410A-9365-4FF4D4D55BAF}.AppStore|iPhone.Deploy.0 = Release|Any CPU
		{7B3E3885-E9D6-410A-9365-4FF4D4D55BAF}.AppStore|iPhoneSimulator.ActiveCfg = Release|Any CPU
		{7B3E3885-E9D6-410A-9365-4FF4D4D55BAF}.AppStore|iPhoneSimulator.Build.0 = Release|Any CPU
		{7B3E3885-E9D6-410A-9365-4FF4D4D55BAF}.AppStore|iPhoneSimulator.Deploy.0 = Release|Any CPU
		{7B3E3885-E9D6-410A-9365-4FF4D4D55BAF}.AppStore|x64.ActiveCfg = Release|Any CPU
		{7B3E3885-E9D6-410A-9365-4FF4D4D55BAF}.AppStore|x64.Build.0 = Release|Any CPU
		{7B3E3885-E9D6-410A-9365-4FF4D4D55BAF}.AppStore|x64.Deploy.0 = Release|Any CPU
		{7B3E3885-E9D6-410A-9365-4FF4D4D55BAF}.AppStore|x86.ActiveCfg = Release|x86
		{7B3E3885-E9D6-410A-9365-4FF4D4D55BAF}.AppStore|x86.Build.0 = Release|x86
		{7B3E3885-E9D6-410A-9365-4FF4D4D55BAF}.AppStore|x86.Deploy.0 = Release|x86
		{7B3E3885-E9D6-410A-9365-4FF4D4D55BAF}.Debug|Any CPU.ActiveCfg = Debug|Any CPU
		{7B3E3885-E9D6-410A-9365-4FF4D4D55BAF}.Debug|Any CPU.Build.0 = Debug|Any CPU
		{7B3E3885-E9D6-410A-9365-4FF4D4D55BAF}.Debug|Any CPU.Deploy.0 = Debug|Any CPU
		{7B3E3885-E9D6-410A-9365-4FF4D4D55BAF}.Debug|ARM.ActiveCfg = Debug|ARM
		{7B3E3885-E9D6-410A-9365-4FF4D4D55BAF}.Debug|ARM.Build.0 = Debug|ARM
		{7B3E3885-E9D6-410A-9365-4FF4D4D55BAF}.Debug|ARM.Deploy.0 = Debug|ARM
		{7B3E3885-E9D6-410A-9365-4FF4D4D55BAF}.Debug|iPhone.ActiveCfg = Debug|Any CPU
		{7B3E3885-E9D6-410A-9365-4FF4D4D55BAF}.Debug|iPhone.Build.0 = Debug|Any CPU
		{7B3E3885-E9D6-410A-9365-4FF4D4D55BAF}.Debug|iPhone.Deploy.0 = Debug|Any CPU
		{7B3E3885-E9D6-410A-9365-4FF4D4D55BAF}.Debug|iPhoneSimulator.ActiveCfg = Debug|Any CPU
		{7B3E3885-E9D6-410A-9365-4FF4D4D55BAF}.Debug|iPhoneSimulator.Build.0 = Debug|Any CPU
		{7B3E3885-E9D6-410A-9365-4FF4D4D55BAF}.Debug|iPhoneSimulator.Deploy.0 = Debug|Any CPU
		{7B3E3885-E9D6-410A-9365-4FF4D4D55BAF}.Debug|x64.ActiveCfg = Debug|Any CPU
		{7B3E3885-E9D6-410A-9365-4FF4D4D55BAF}.Debug|x64.Build.0 = Debug|Any CPU
		{7B3E3885-E9D6-410A-9365-4FF4D4D55BAF}.Debug|x64.Deploy.0 = Debug|Any CPU
		{7B3E3885-E9D6-410A-9365-4FF4D4D55BAF}.Debug|x86.ActiveCfg = Debug|x86
		{7B3E3885-E9D6-410A-9365-4FF4D4D55BAF}.Debug|x86.Build.0 = Debug|x86
		{7B3E3885-E9D6-410A-9365-4FF4D4D55BAF}.Debug|x86.Deploy.0 = Debug|x86
		{7B3E3885-E9D6-410A-9365-4FF4D4D55BAF}.Release|Any CPU.ActiveCfg = Release|Any CPU
		{7B3E3885-E9D6-410A-9365-4FF4D4D55BAF}.Release|Any CPU.Build.0 = Release|Any CPU
		{7B3E3885-E9D6-410A-9365-4FF4D4D55BAF}.Release|Any CPU.Deploy.0 = Release|Any CPU
		{7B3E3885-E9D6-410A-9365-4FF4D4D55BAF}.Release|ARM.ActiveCfg = Release|ARM
		{7B3E3885-E9D6-410A-9365-4FF4D4D55BAF}.Release|ARM.Build.0 = Release|ARM
		{7B3E3885-E9D6-410A-9365-4FF4D4D55BAF}.Release|ARM.Deploy.0 = Release|ARM
		{7B3E3885-E9D6-410A-9365-4FF4D4D55BAF}.Release|iPhone.ActiveCfg = Release|Any CPU
		{7B3E3885-E9D6-410A-9365-4FF4D4D55BAF}.Release|iPhone.Build.0 = Release|Any CPU
		{7B3E3885-E9D6-410A-9365-4FF4D4D55BAF}.Release|iPhone.Deploy.0 = Release|Any CPU
		{7B3E3885-E9D6-410A-9365-4FF4D4D55BAF}.Release|iPhoneSimulator.ActiveCfg = Release|Any CPU
		{7B3E3885-E9D6-410A-9365-4FF4D4D55BAF}.Release|iPhoneSimulator.Build.0 = Release|Any CPU
		{7B3E3885-E9D6-410A-9365-4FF4D4D55BAF}.Release|iPhoneSimulator.Deploy.0 = Release|Any CPU
		{7B3E3885-E9D6-410A-9365-4FF4D4D55BAF}.Release|x64.ActiveCfg = Release|Any CPU
		{7B3E3885-E9D6-410A-9365-4FF4D4D55BAF}.Release|x64.Build.0 = Release|Any CPU
		{7B3E3885-E9D6-410A-9365-4FF4D4D55BAF}.Release|x64.Deploy.0 = Release|Any CPU
		{7B3E3885-E9D6-410A-9365-4FF4D4D55BAF}.Release|x86.ActiveCfg = Release|x86
		{7B3E3885-E9D6-410A-9365-4FF4D4D55BAF}.Release|x86.Build.0 = Release|x86
		{7B3E3885-E9D6-410A-9365-4FF4D4D55BAF}.Release|x86.Deploy.0 = Release|x86
		{31443DB4-6C8F-41D7-935C-7B7A430F674B}.Ad-Hoc|Any CPU.ActiveCfg = Release|Any CPU
		{31443DB4-6C8F-41D7-935C-7B7A430F674B}.Ad-Hoc|Any CPU.Build.0 = Release|Any CPU
		{31443DB4-6C8F-41D7-935C-7B7A430F674B}.Ad-Hoc|ARM.ActiveCfg = Release|Any CPU
		{31443DB4-6C8F-41D7-935C-7B7A430F674B}.Ad-Hoc|ARM.Build.0 = Release|Any CPU
		{31443DB4-6C8F-41D7-935C-7B7A430F674B}.Ad-Hoc|iPhone.ActiveCfg = Release|Any CPU
		{31443DB4-6C8F-41D7-935C-7B7A430F674B}.Ad-Hoc|iPhone.Build.0 = Release|Any CPU
		{31443DB4-6C8F-41D7-935C-7B7A430F674B}.Ad-Hoc|iPhoneSimulator.ActiveCfg = Release|Any CPU
		{31443DB4-6C8F-41D7-935C-7B7A430F674B}.Ad-Hoc|iPhoneSimulator.Build.0 = Release|Any CPU
		{31443DB4-6C8F-41D7-935C-7B7A430F674B}.Ad-Hoc|x64.ActiveCfg = Release|Any CPU
		{31443DB4-6C8F-41D7-935C-7B7A430F674B}.Ad-Hoc|x64.Build.0 = Release|Any CPU
		{31443DB4-6C8F-41D7-935C-7B7A430F674B}.Ad-Hoc|x86.ActiveCfg = Release|Any CPU
		{31443DB4-6C8F-41D7-935C-7B7A430F674B}.Ad-Hoc|x86.Build.0 = Release|Any CPU
		{31443DB4-6C8F-41D7-935C-7B7A430F674B}.AppStore|Any CPU.ActiveCfg = Release|Any CPU
		{31443DB4-6C8F-41D7-935C-7B7A430F674B}.AppStore|Any CPU.Build.0 = Release|Any CPU
		{31443DB4-6C8F-41D7-935C-7B7A430F674B}.AppStore|ARM.ActiveCfg = Release|Any CPU
		{31443DB4-6C8F-41D7-935C-7B7A430F674B}.AppStore|ARM.Build.0 = Release|Any CPU
		{31443DB4-6C8F-41D7-935C-7B7A430F674B}.AppStore|iPhone.ActiveCfg = Release|Any CPU
		{31443DB4-6C8F-41D7-935C-7B7A430F674B}.AppStore|iPhone.Build.0 = Release|Any CPU
		{31443DB4-6C8F-41D7-935C-7B7A430F674B}.AppStore|iPhoneSimulator.ActiveCfg = Release|Any CPU
		{31443DB4-6C8F-41D7-935C-7B7A430F674B}.AppStore|iPhoneSimulator.Build.0 = Release|Any CPU
		{31443DB4-6C8F-41D7-935C-7B7A430F674B}.AppStore|x64.ActiveCfg = Release|Any CPU
		{31443DB4-6C8F-41D7-935C-7B7A430F674B}.AppStore|x64.Build.0 = Release|Any CPU
		{31443DB4-6C8F-41D7-935C-7B7A430F674B}.AppStore|x86.ActiveCfg = Release|Any CPU
		{31443DB4-6C8F-41D7-935C-7B7A430F674B}.AppStore|x86.Build.0 = Release|Any CPU
		{31443DB4-6C8F-41D7-935C-7B7A430F674B}.Debug|Any CPU.ActiveCfg = Debug|Any CPU
		{31443DB4-6C8F-41D7-935C-7B7A430F674B}.Debug|Any CPU.Build.0 = Debug|Any CPU
		{31443DB4-6C8F-41D7-935C-7B7A430F674B}.Debug|ARM.ActiveCfg = Debug|Any CPU
		{31443DB4-6C8F-41D7-935C-7B7A430F674B}.Debug|ARM.Build.0 = Debug|Any CPU
		{31443DB4-6C8F-41D7-935C-7B7A430F674B}.Debug|iPhone.ActiveCfg = Debug|Any CPU
		{31443DB4-6C8F-41D7-935C-7B7A430F674B}.Debug|iPhone.Build.0 = Debug|Any CPU
		{31443DB4-6C8F-41D7-935C-7B7A430F674B}.Debug|iPhoneSimulator.ActiveCfg = Debug|Any CPU
		{31443DB4-6C8F-41D7-935C-7B7A430F674B}.Debug|iPhoneSimulator.Build.0 = Debug|Any CPU
		{31443DB4-6C8F-41D7-935C-7B7A430F674B}.Debug|x64.ActiveCfg = Debug|Any CPU
		{31443DB4-6C8F-41D7-935C-7B7A430F674B}.Debug|x64.Build.0 = Debug|Any CPU
		{31443DB4-6C8F-41D7-935C-7B7A430F674B}.Debug|x86.ActiveCfg = Debug|Any CPU
		{31443DB4-6C8F-41D7-935C-7B7A430F674B}.Debug|x86.Build.0 = Debug|Any CPU
		{31443DB4-6C8F-41D7-935C-7B7A430F674B}.Release|Any CPU.ActiveCfg = Release|Any CPU
		{31443DB4-6C8F-41D7-935C-7B7A430F674B}.Release|Any CPU.Build.0 = Release|Any CPU
		{31443DB4-6C8F-41D7-935C-7B7A430F674B}.Release|ARM.ActiveCfg = Release|Any CPU
		{31443DB4-6C8F-41D7-935C-7B7A430F674B}.Release|ARM.Build.0 = Release|Any CPU
		{31443DB4-6C8F-41D7-935C-7B7A430F674B}.Release|iPhone.ActiveCfg = Release|Any CPU
		{31443DB4-6C8F-41D7-935C-7B7A430F674B}.Release|iPhone.Build.0 = Release|Any CPU
		{31443DB4-6C8F-41D7-935C-7B7A430F674B}.Release|iPhoneSimulator.ActiveCfg = Release|Any CPU
		{31443DB4-6C8F-41D7-935C-7B7A430F674B}.Release|iPhoneSimulator.Build.0 = Release|Any CPU
		{31443DB4-6C8F-41D7-935C-7B7A430F674B}.Release|x64.ActiveCfg = Release|Any CPU
		{31443DB4-6C8F-41D7-935C-7B7A430F674B}.Release|x64.Build.0 = Release|Any CPU
		{31443DB4-6C8F-41D7-935C-7B7A430F674B}.Release|x86.ActiveCfg = Release|Any CPU
		{31443DB4-6C8F-41D7-935C-7B7A430F674B}.Release|x86.Build.0 = Release|Any CPU
	EndGlobalSection
	GlobalSection(SolutionProperties) = preSolution
		HideSolutionNode = FALSE
	EndGlobalSection
EndGlobal
